PODS:
  - AFNetworkActivityLogger (3.0.0):
    - AFNetworking/NSURLSession (~> 3.0)
  - AFNetworking (3.2.1):
    - AFNetworking/NSURLSession (= 3.2.1)
    - AFNetworking/Reachability (= 3.2.1)
    - AFNetworking/Security (= 3.2.1)
    - AFNetworking/Serialization (= 3.2.1)
    - AFNetworking/UIKit (= 3.2.1)
  - AFNetworking/NSURLSession (3.2.1):
    - AFNetworking/Reachability
    - AFNetworking/Security
    - AFNetworking/Serialization
  - AFNetworking/Reachability (3.2.1)
  - AFNetworking/Security (3.2.1)
  - AFNetworking/Serialization (3.2.1)
  - AFNetworking/UIKit (3.2.1):
    - AFNetworking/NSURLSession
  - IQKeyboardManager (6.0.3)
  - JSONModel (1.7.0)
  - SVProgressHUD (2.2.5)

DEPENDENCIES:
  - AFNetworkActivityLogger
  - AFNetworking
  - IQKeyboardManager
  - JSONModel
  - SVProgressHUD

SPEC CHECKSUMS:
  AFNetworkActivityLogger: e77f68d014becb33c4306a23f56a64906ff72670
  AFNetworking: b6f891fdfaed196b46c7a83cf209e09697b94057
  IQKeyboardManager: c390e612f4b98c8fd748016470138537dc163ead
  JSONModel: 840bc0fcffb24b8454d2c026bf26fea454b8e98d
  SVProgressHUD: 1428aafac632c1f86f62aa4243ec12008d7a51d6

PODFILE CHECKSUM: 47840d94346376d00b55a806db2f08c1b77a15b2

COCOAPODS: 1.4.0
